dependencies:
  espressif/button:
    component_hash: c3ee3ba339a3848977496d0157008ae574a24fc59f54d27c93ab51b14446a2fb
    source:
      type: service
    version: 3.3.1
  espressif/cmake_utilities:
    component_hash: 351350613ceafba240b761b4ea991e0f231ac7a9f59a9ee901f751bddc0bb18f
    source:
      type: service
    version: 0.5.3
  espressif/esp32-camera:
    component_hash: 4aadd189e9ca97298f1d69920f2d8c6b07cb3cbca014584b60e96de8a3cbb249
    source:
      type: service
    version: 2.0.10
  espressif/esp32_s3_eye_noglib:
    component_hash: 5d5feae65316856500d90f264abc7bbd3b1e31a1621f89e459adb5314baae523
    source:
      type: service
    version: 3.0.4
  espressif/esp_codec_dev:
    component_hash: 014948481bda426cd46714f297fe1891711246c62bea288863a8cc8cf13ef1f0
    source:
      type: service
    version: 1.2.0
  espressif/mdns:
    component_hash: 9ff9c578fc3a5ea3c68e807233e47f2ce6b2492a92d7a9356ae5c29ab45f0fde
    source:
      storage_url: file:///C:/Espressif/registry
      type: service
    version: 1.3.0
  idf:
    component_hash: null
    source:
      type: idf
    version: 5.1.4
manifest_hash: 05bca9dc0e37d9005e4cabd9924940c69f73f23533716f5282168787bcc29f07
target: esp32s3
version: 1.0.0
